# This file is automatically @generated by Cargo.
# It is not intended for manual editing.
version = 4

[[package]]
name = "leo4-abi"
version = "0.1.0"

[[package]]
name = "leo4-lean4-parse"
version = "0.0.0"
dependencies = [
 "leo4-abi",
 "oxilean-parse",
 "peg",
]

[[package]]
name = "oxilean-kernel"
version = "0.1.2"
source = "registry+https://github.com/rust-lang/crates.io-index"
checksum = "a20763e6088a64a90b96310ae1bbb6672baabbd7c8205f19edeea2575fb10193"

[[package]]
name = "oxilean-parse"
version = "0.1.2"
source = "registry+https://github.com/rust-lang/crates.io-index"
checksum = "25300831335df64a6bd669d86602a77ba828367b64cd803150b7327cea7622d0"
dependencies = [
 "oxilean-kernel",
]

[[package]]
name = "peg"
version = "0.8.6"
source = "registry+https://github.com/rust-lang/crates.io-index"
checksum = "0aad070be5b63aa72103f2fcdd70a83adbd5e90112ce5b574171ff1c65501773"
dependencies = [
 "peg-macros",
 "peg-runtime",
]

[[package]]
name = "peg-macros"
version = "0.8.6"
source = "registry+https://github.com/rust-lang/crates.io-index"
checksum = "ddd8ef6825cae95355031ae26a99b616a2a21f22ba2de0197c43dfb05acbe7ee"
dependencies = [
 "peg-runtime",
 "proc-macro2",
 "quote",
]

[[package]]
name = "peg-runtime"
version = "0.8.6"
source = "registry+https://github.com/rust-lang/crates.io-index"
checksum = "7011d97b484a5ebdc4b1fdb3b12d5e4bbbea56e9d22b688f2e79e04b65a7d8a6"

[[package]]
name = "proc-macro2"
version = "1.0.106"
source = "registry+https://github.com/rust-lang/crates.io-index"
checksum = "8fd00f0bb2e90d81d1044c2b32617f68fcb9fa3bb7640c23e9c748e53fb30934"
dependencies = [
 "unicode-ident",
]

[[package]]
name = "quote"
version = "1.0.45"
source = "registry+https://github.com/rust-lang/crates.io-index"
checksum = "41f2619966050689382d2b44f664f4bc593e129785a36d6ee376ddf37259b924"
dependencies = [
 "proc-macro2",
]

[[package]]
name = "unicode-ident"
version = "1.0.24"
source = "registry+https://github.com/rust-lang/crates.io-index"
checksum = "e6e4313cd5fcd3dad5cafa179702e2b244f760991f45397d14d4ebf38247da75"
